
Microsoft Visual Studio Solution File, Format Version 12.00
# Visual Studio 15
VisualStudioVersion = 15.0.28307.1401
MinimumVisualStudioVersion = 10.0.40219.1
Project("{FAE04EC0-301F-11D3-BF4B-00C04F79EFBC}") = "Guia9_Ej6", "Guia9_Ej6\Guia9_Ej6.csproj", "{72CC604E-5866-4D11-BE9F-F072DFBCDE4C}"
EndProject
Global
	GlobalSection(SolutionConfigurationPlatforms) = preSolution
		Debug|Any CPU = Debug|Any CPU
		Release|Any CPU = Release|Any CPU
	EndGlobalSection
	GlobalSection(ProjectConfigurationPlatforms) = postSolution
		{72CC604E-5866-4D11-BE9F-F072DFBCDE4C}.Debug|Any CPU.ActiveCfg = Debug|Any CPU
		{72CC604E-5866-4D11-BE9F-F072DFBCDE4C}.Debug|Any CPU.Build.0 = Debug|Any CPU
		{72CC604E-5866-4D11-BE9F-F072DFBCDE4C}.Release|Any CPU.ActiveCfg = Release|Any CPU
		{72CC604E-5866-4D11-BE9F-F072DFBCDE4C}.Release|Any CPU.Build.0 = Release|Any CPU
	EndGlobalSection
	GlobalSection(SolutionProperties) = preSolution
		HideSolutionNode = FALSE
	EndGlobalSection
	GlobalSection(ExtensibilityGlobals) = postSolution
		SolutionGuid = {7BB9AA66-39C4-4912-81A6-08E03E4B9B23}
	EndGlobalSection
EndGlobal
