
Microsoft Visual Studio Solution File, Format Version 12.00
# Visual Studio 15
VisualStudioVersion = 15.0.28307.1340
MinimumVisualStudioVersion = 10.0.40219.1
Project("{FAE04EC0-301F-11D3-BF4B-00C04F79EFBC}") = "G3C Ej7", "G3C Ej7\G3C Ej7.csproj", "{9B116E9D-F730-4057-8579-0BF1D231D3F1}"
EndProject
Global
	GlobalSection(SolutionConfigurationPlatforms) = preSolution
		Debug|Any CPU = Debug|Any CPU
		Release|Any CPU = Release|Any CPU
	EndGlobalSection
	GlobalSection(ProjectConfigurationPlatforms) = postSolution
		{9B116E9D-F730-4057-8579-0BF1D231D3F1}.Debug|Any CPU.ActiveCfg = Debug|Any CPU
		{9B116E9D-F730-4057-8579-0BF1D231D3F1}.Debug|Any CPU.Build.0 = Debug|Any CPU
		{9B116E9D-F730-4057-8579-0BF1D231D3F1}.Release|Any CPU.ActiveCfg = Release|Any CPU
		{9B116E9D-F730-4057-8579-0BF1D231D3F1}.Release|Any CPU.Build.0 = Release|Any CPU
	EndGlobalSection
	GlobalSection(SolutionProperties) = preSolution
		HideSolutionNode = FALSE
	EndGlobalSection
	GlobalSection(ExtensibilityGlobals) = postSolution
		SolutionGuid = {E82E6722-D5F0-4B86-8D0E-A3BEEFCC4937}
	EndGlobalSection
EndGlobal
