
Microsoft Visual Studio Solution File, Format Version 12.00
# Visual Studio 15
VisualStudioVersion = 15.0.28307.1401
MinimumVisualStudioVersion = 10.0.40219.1
Project("{FAE04EC0-301F-11D3-BF4B-00C04F79EFBC}") = "Guia10_Ej3", "Guia10_Ej3\Guia10_Ej3.csproj", "{70FC4934-C396-40AD-8EBD-C2062E65958E}"
EndProject
Global
	GlobalSection(SolutionConfigurationPlatforms) = preSolution
		Debug|Any CPU = Debug|Any CPU
		Release|Any CPU = Release|Any CPU
	EndGlobalSection
	GlobalSection(ProjectConfigurationPlatforms) = postSolution
		{70FC4934-C396-40AD-8EBD-C2062E65958E}.Debug|Any CPU.ActiveCfg = Debug|Any CPU
		{70FC4934-C396-40AD-8EBD-C2062E65958E}.Debug|Any CPU.Build.0 = Debug|Any CPU
		{70FC4934-C396-40AD-8EBD-C2062E65958E}.Release|Any CPU.ActiveCfg = Release|Any CPU
		{70FC4934-C396-40AD-8EBD-C2062E65958E}.Release|Any CPU.Build.0 = Release|Any CPU
	EndGlobalSection
	GlobalSection(SolutionProperties) = preSolution
		HideSolutionNode = FALSE
	EndGlobalSection
	GlobalSection(ExtensibilityGlobals) = postSolution
		SolutionGuid = {ADC7C1AF-F5D1-4A9E-813D-DEB06F263784}
	EndGlobalSection
EndGlobal
