
Microsoft Visual Studio Solution File, Format Version 12.00
# Visual Studio 15
VisualStudioVersion = 15.0.28307.1401
MinimumVisualStudioVersion = 10.0.40219.1
Project("{FAE04EC0-301F-11D3-BF4B-00C04F79EFBC}") = "Guia9_Ej1", "Guia9_Ej1\Guia9_Ej1.csproj", "{0B02E8F3-95CE-42D0-871D-337DB238D361}"
EndProject
Global
	GlobalSection(SolutionConfigurationPlatforms) = preSolution
		Debug|Any CPU = Debug|Any CPU
		Release|Any CPU = Release|Any CPU
	EndGlobalSection
	GlobalSection(ProjectConfigurationPlatforms) = postSolution
		{0B02E8F3-95CE-42D0-871D-337DB238D361}.Debug|Any CPU.ActiveCfg = Debug|Any CPU
		{0B02E8F3-95CE-42D0-871D-337DB238D361}.Debug|Any CPU.Build.0 = Debug|Any CPU
		{0B02E8F3-95CE-42D0-871D-337DB238D361}.Release|Any CPU.ActiveCfg = Release|Any CPU
		{0B02E8F3-95CE-42D0-871D-337DB238D361}.Release|Any CPU.Build.0 = Release|Any CPU
	EndGlobalSection
	GlobalSection(SolutionProperties) = preSolution
		HideSolutionNode = FALSE
	EndGlobalSection
	GlobalSection(ExtensibilityGlobals) = postSolution
		SolutionGuid = {4611594E-DA39-4670-80FC-15F0EC0E7405}
	EndGlobalSection
EndGlobal
