
Microsoft Visual Studio Solution File, Format Version 12.00
# Visual Studio 15
VisualStudioVersion = 15.0.28307.1340
MinimumVisualStudioVersion = 10.0.40219.1
Project("{FAE04EC0-301F-11D3-BF4B-00C04F79EFBC}") = "G3A Ej3", "G3A Ej3\G3A Ej3.csproj", "{D34E930D-A64E-4EA8-A441-AC50499BE785}"
EndProject
Global
	GlobalSection(SolutionConfigurationPlatforms) = preSolution
		Debug|Any CPU = Debug|Any CPU
		Release|Any CPU = Release|Any CPU
	EndGlobalSection
	GlobalSection(ProjectConfigurationPlatforms) = postSolution
		{D34E930D-A64E-4EA8-A441-AC50499BE785}.Debug|Any CPU.ActiveCfg = Debug|Any CPU
		{D34E930D-A64E-4EA8-A441-AC50499BE785}.Debug|Any CPU.Build.0 = Debug|Any CPU
		{D34E930D-A64E-4EA8-A441-AC50499BE785}.Release|Any CPU.ActiveCfg = Release|Any CPU
		{D34E930D-A64E-4EA8-A441-AC50499BE785}.Release|Any CPU.Build.0 = Release|Any CPU
	EndGlobalSection
	GlobalSection(SolutionProperties) = preSolution
		HideSolutionNode = FALSE
	EndGlobalSection
	GlobalSection(ExtensibilityGlobals) = postSolution
		SolutionGuid = {BBD16995-BC6A-417B-9421-540BB5BA1CEA}
	EndGlobalSection
EndGlobal
