
Microsoft Visual Studio Solution File, Format Version 12.00
# Visual Studio 15
VisualStudioVersion = 15.0.28307.1340
MinimumVisualStudioVersion = 10.0.40219.1
Project("{FAE04EC0-301F-11D3-BF4B-00C04F79EFBC}") = "Guia6Ej4", "Guia6Ej4\Guia6Ej4.csproj", "{430E0CCF-D53A-4C94-9870-114A12FD3758}"
EndProject
Global
	GlobalSection(SolutionConfigurationPlatforms) = preSolution
		Debug|Any CPU = Debug|Any CPU
		Release|Any CPU = Release|Any CPU
	EndGlobalSection
	GlobalSection(ProjectConfigurationPlatforms) = postSolution
		{430E0CCF-D53A-4C94-9870-114A12FD3758}.Debug|Any CPU.ActiveCfg = Debug|Any CPU
		{430E0CCF-D53A-4C94-9870-114A12FD3758}.Debug|Any CPU.Build.0 = Debug|Any CPU
		{430E0CCF-D53A-4C94-9870-114A12FD3758}.Release|Any CPU.ActiveCfg = Release|Any CPU
		{430E0CCF-D53A-4C94-9870-114A12FD3758}.Release|Any CPU.Build.0 = Release|Any CPU
	EndGlobalSection
	GlobalSection(SolutionProperties) = preSolution
		HideSolutionNode = FALSE
	EndGlobalSection
	GlobalSection(ExtensibilityGlobals) = postSolution
		SolutionGuid = {A4509835-7F3B-444E-B485-5FA04A621C96}
	EndGlobalSection
EndGlobal
