
Microsoft Visual Studio Solution File, Format Version 12.00
# Visual Studio 15
VisualStudioVersion = 15.0.28307.1401
MinimumVisualStudioVersion = 10.0.40219.1
Project("{FAE04EC0-301F-11D3-BF4B-00C04F79EFBC}") = "Guia10_Ej2", "Guia10_Ej2\Guia10_Ej2.csproj", "{64AE04E0-AD81-461E-9307-9BD2FC2B25F7}"
EndProject
Global
	GlobalSection(SolutionConfigurationPlatforms) = preSolution
		Debug|Any CPU = Debug|Any CPU
		Release|Any CPU = Release|Any CPU
	EndGlobalSection
	GlobalSection(ProjectConfigurationPlatforms) = postSolution
		{64AE04E0-AD81-461E-9307-9BD2FC2B25F7}.Debug|Any CPU.ActiveCfg = Debug|Any CPU
		{64AE04E0-AD81-461E-9307-9BD2FC2B25F7}.Debug|Any CPU.Build.0 = Debug|Any CPU
		{64AE04E0-AD81-461E-9307-9BD2FC2B25F7}.Release|Any CPU.ActiveCfg = Release|Any CPU
		{64AE04E0-AD81-461E-9307-9BD2FC2B25F7}.Release|Any CPU.Build.0 = Release|Any CPU
	EndGlobalSection
	GlobalSection(SolutionProperties) = preSolution
		HideSolutionNode = FALSE
	EndGlobalSection
	GlobalSection(ExtensibilityGlobals) = postSolution
		SolutionGuid = {09FC9EB3-B4A9-48E7-8141-D4E83DCF7A34}
	EndGlobalSection
EndGlobal
