
Microsoft Visual Studio Solution File, Format Version 12.00
# Visual Studio 15
VisualStudioVersion = 15.0.28307.1340
MinimumVisualStudioVersion = 10.0.40219.1
Project("{FAE04EC0-301F-11D3-BF4B-00C04F79EFBC}") = "Guia6Ej2", "Guia6Ej2\Guia6Ej2.csproj", "{DCD1D350-B5A8-4F96-86F8-DF41E22AC7AD}"
EndProject
Global
	GlobalSection(SolutionConfigurationPlatforms) = preSolution
		Debug|Any CPU = Debug|Any CPU
		Release|Any CPU = Release|Any CPU
	EndGlobalSection
	GlobalSection(ProjectConfigurationPlatforms) = postSolution
		{DCD1D350-B5A8-4F96-86F8-DF41E22AC7AD}.Debug|Any CPU.ActiveCfg = Debug|Any CPU
		{DCD1D350-B5A8-4F96-86F8-DF41E22AC7AD}.Debug|Any CPU.Build.0 = Debug|Any CPU
		{DCD1D350-B5A8-4F96-86F8-DF41E22AC7AD}.Release|Any CPU.ActiveCfg = Release|Any CPU
		{DCD1D350-B5A8-4F96-86F8-DF41E22AC7AD}.Release|Any CPU.Build.0 = Release|Any CPU
	EndGlobalSection
	GlobalSection(SolutionProperties) = preSolution
		HideSolutionNode = FALSE
	EndGlobalSection
	GlobalSection(ExtensibilityGlobals) = postSolution
		SolutionGuid = {44E7A490-3E35-4766-9C7D-392E814C18E0}
	EndGlobalSection
EndGlobal
