
Microsoft Visual Studio Solution File, Format Version 12.00
# Visual Studio 15
VisualStudioVersion = 15.0.28307.1340
MinimumVisualStudioVersion = 10.0.40219.1
Project("{FAE04EC0-301F-11D3-BF4B-00C04F79EFBC}") = "Guia6Ej3", "Guia6Ej3\Guia6Ej3.csproj", "{D2A50757-00AC-4DC2-BBD7-44DE8E5B47C8}"
EndProject
Global
	GlobalSection(SolutionConfigurationPlatforms) = preSolution
		Debug|Any CPU = Debug|Any CPU
		Release|Any CPU = Release|Any CPU
	EndGlobalSection
	GlobalSection(ProjectConfigurationPlatforms) = postSolution
		{D2A50757-00AC-4DC2-BBD7-44DE8E5B47C8}.Debug|Any CPU.ActiveCfg = Debug|Any CPU
		{D2A50757-00AC-4DC2-BBD7-44DE8E5B47C8}.Debug|Any CPU.Build.0 = Debug|Any CPU
		{D2A50757-00AC-4DC2-BBD7-44DE8E5B47C8}.Release|Any CPU.ActiveCfg = Release|Any CPU
		{D2A50757-00AC-4DC2-BBD7-44DE8E5B47C8}.Release|Any CPU.Build.0 = Release|Any CPU
	EndGlobalSection
	GlobalSection(SolutionProperties) = preSolution
		HideSolutionNode = FALSE
	EndGlobalSection
	GlobalSection(ExtensibilityGlobals) = postSolution
		SolutionGuid = {3B702A4C-A98B-47BD-B076-6A1B9946A459}
	EndGlobalSection
EndGlobal
