
Microsoft Visual Studio Solution File, Format Version 12.00
# Visual Studio 15
VisualStudioVersion = 15.0.28307.1340
MinimumVisualStudioVersion = 10.0.40219.1
Project("{FAE04EC0-301F-11D3-BF4B-00C04F79EFBC}") = "G3C Ej3", "G3C Ej3\G3C Ej3.csproj", "{EF4B99C7-A19B-4B54-9065-253CEF596757}"
EndProject
Global
	GlobalSection(SolutionConfigurationPlatforms) = preSolution
		Debug|Any CPU = Debug|Any CPU
		Release|Any CPU = Release|Any CPU
	EndGlobalSection
	GlobalSection(ProjectConfigurationPlatforms) = postSolution
		{EF4B99C7-A19B-4B54-9065-253CEF596757}.Debug|Any CPU.ActiveCfg = Debug|Any CPU
		{EF4B99C7-A19B-4B54-9065-253CEF596757}.Debug|Any CPU.Build.0 = Debug|Any CPU
		{EF4B99C7-A19B-4B54-9065-253CEF596757}.Release|Any CPU.ActiveCfg = Release|Any CPU
		{EF4B99C7-A19B-4B54-9065-253CEF596757}.Release|Any CPU.Build.0 = Release|Any CPU
	EndGlobalSection
	GlobalSection(SolutionProperties) = preSolution
		HideSolutionNode = FALSE
	EndGlobalSection
	GlobalSection(ExtensibilityGlobals) = postSolution
		SolutionGuid = {52C681D8-B312-46D7-8C63-A52F81D7DF89}
	EndGlobalSection
EndGlobal
