
Microsoft Visual Studio Solution File, Format Version 12.00
# Visual Studio 15
VisualStudioVersion = 15.0.28307.1340
MinimumVisualStudioVersion = 10.0.40219.1
Project("{FAE04EC0-301F-11D3-BF4B-00C04F79EFBC}") = "Guia6Ej5", "Guia6Ej5\Guia6Ej5.csproj", "{AC0F1FC1-BCDE-4B97-A8D7-11586A056CFA}"
EndProject
Global
	GlobalSection(SolutionConfigurationPlatforms) = preSolution
		Debug|Any CPU = Debug|Any CPU
		Release|Any CPU = Release|Any CPU
	EndGlobalSection
	GlobalSection(ProjectConfigurationPlatforms) = postSolution
		{AC0F1FC1-BCDE-4B97-A8D7-11586A056CFA}.Debug|Any CPU.ActiveCfg = Debug|Any CPU
		{AC0F1FC1-BCDE-4B97-A8D7-11586A056CFA}.Debug|Any CPU.Build.0 = Debug|Any CPU
		{AC0F1FC1-BCDE-4B97-A8D7-11586A056CFA}.Release|Any CPU.ActiveCfg = Release|Any CPU
		{AC0F1FC1-BCDE-4B97-A8D7-11586A056CFA}.Release|Any CPU.Build.0 = Release|Any CPU
	EndGlobalSection
	GlobalSection(SolutionProperties) = preSolution
		HideSolutionNode = FALSE
	EndGlobalSection
	GlobalSection(ExtensibilityGlobals) = postSolution
		SolutionGuid = {4A1D9E9D-8502-4B10-92DE-B8105C1D5E80}
	EndGlobalSection
EndGlobal
