
Microsoft Visual Studio Solution File, Format Version 12.00
# Visual Studio 15
VisualStudioVersion = 15.0.28307.1340
MinimumVisualStudioVersion = 10.0.40219.1
Project("{FAE04EC0-301F-11D3-BF4B-00C04F79EFBC}") = "Guia7Ej1", "Guia7Ej1\Guia7Ej1.csproj", "{845A87E2-8C86-4B9F-A4B1-6864166645B3}"
EndProject
Global
	GlobalSection(SolutionConfigurationPlatforms) = preSolution
		Debug|Any CPU = Debug|Any CPU
		Release|Any CPU = Release|Any CPU
	EndGlobalSection
	GlobalSection(ProjectConfigurationPlatforms) = postSolution
		{845A87E2-8C86-4B9F-A4B1-6864166645B3}.Debug|Any CPU.ActiveCfg = Debug|Any CPU
		{845A87E2-8C86-4B9F-A4B1-6864166645B3}.Debug|Any CPU.Build.0 = Debug|Any CPU
		{845A87E2-8C86-4B9F-A4B1-6864166645B3}.Release|Any CPU.ActiveCfg = Release|Any CPU
		{845A87E2-8C86-4B9F-A4B1-6864166645B3}.Release|Any CPU.Build.0 = Release|Any CPU
	EndGlobalSection
	GlobalSection(SolutionProperties) = preSolution
		HideSolutionNode = FALSE
	EndGlobalSection
	GlobalSection(ExtensibilityGlobals) = postSolution
		SolutionGuid = {FDB3B25A-4527-43FB-830B-5515EB1038D1}
	EndGlobalSection
EndGlobal
