
Microsoft Visual Studio Solution File, Format Version 12.00
# Visual Studio 15
VisualStudioVersion = 15.0.28307.1340
MinimumVisualStudioVersion = 10.0.40219.1
Project("{FAE04EC0-301F-11D3-BF4B-00C04F79EFBC}") = "Guia7Ej2", "Guia7Ej2\Guia7Ej2.csproj", "{7F9F7D2B-BFDB-4EB7-AB63-77C986BA7442}"
EndProject
Global
	GlobalSection(SolutionConfigurationPlatforms) = preSolution
		Debug|Any CPU = Debug|Any CPU
		Release|Any CPU = Release|Any CPU
	EndGlobalSection
	GlobalSection(ProjectConfigurationPlatforms) = postSolution
		{7F9F7D2B-BFDB-4EB7-AB63-77C986BA7442}.Debug|Any CPU.ActiveCfg = Debug|Any CPU
		{7F9F7D2B-BFDB-4EB7-AB63-77C986BA7442}.Debug|Any CPU.Build.0 = Debug|Any CPU
		{7F9F7D2B-BFDB-4EB7-AB63-77C986BA7442}.Release|Any CPU.ActiveCfg = Release|Any CPU
		{7F9F7D2B-BFDB-4EB7-AB63-77C986BA7442}.Release|Any CPU.Build.0 = Release|Any CPU
	EndGlobalSection
	GlobalSection(SolutionProperties) = preSolution
		HideSolutionNode = FALSE
	EndGlobalSection
	GlobalSection(ExtensibilityGlobals) = postSolution
		SolutionGuid = {1D9A622A-9222-4A88-A667-FC50871F796C}
	EndGlobalSection
EndGlobal
